
Microsoft Visual Studio Solution File, Format Version 12.00
# Visual Studio 15
VisualStudioVersion = 15.0.28010.2041
MinimumVisualStudioVersion = 10.0.40219.1
Project("{FAE04EC0-301F-11D3-BF4B-00C04F79EFBC}") = "GitFlow", "GitFlow.csproj", "{B3E3D421-5D92-4931-B50C-19A63AC86C2E}"
EndProject
Global
	GlobalSection(SolutionConfigurationPlatforms) = preSolution
		Debug|Any CPU = Debug|Any CPU
		Release|Any CPU = Release|Any CPU
	EndGlobalSection
	GlobalSection(ProjectConfigurationPlatforms) = postSolution
		{B3E3D421-5D92-4931-B50C-19A63AC86C2E}.Debug|Any CPU.ActiveCfg = Debug|Any CPU
		{B3E3D421-5D92-4931-B50C-19A63AC86C2E}.Debug|Any CPU.Build.0 = Debug|Any CPU
		{B3E3D421-5D92-4931-B50C-19A63AC86C2E}.Release|Any CPU.ActiveCfg = Release|Any CPU
		{B3E3D421-5D92-4931-B50C-19A63AC86C2E}.Release|Any CPU.Build.0 = Release|Any CPU
	EndGlobalSection
	GlobalSection(SolutionProperties) = preSolution
		HideSolutionNode = FALSE
	EndGlobalSection
	GlobalSection(ExtensibilityGlobals) = postSolution
		SolutionGuid = {772727BA-2975-477D-BE81-51ABC5B90BB4}
	EndGlobalSection
EndGlobal
